Microsoft Visual Studio Solution File, Format Version 12.00
# Visual Studio Version 17
VisualStudioVersion = 17.5.2.0
MinimumVisualStudioVersion = 10.0.40219.1
Project("{FAE04EC0-301F-11D3-BF4B-00C04F79EFBC}") = "HAOS-CMS", "HAOS-CMS.csproj", "{0E44A9C7-8808-765E-C891-8CCF93E98D3A}"
EndProject
Global
	GlobalSection(SolutionConfigurationPlatforms) = preSolution
		Debug|Any CPU = Debug|Any CPU
		Release|Any CPU = Release|Any CPU
	EndGlobalSection
	GlobalSection(ProjectConfigurationPlatforms) = postSolution
		{0E44A9C7-8808-765E-C891-8CCF93E98D3A}.Debug|Any CPU.ActiveCfg = Debug|Any CPU
		{0E44A9C7-8808-765E-C891-8CCF93E98D3A}.Debug|Any CPU.Build.0 = Debug|Any CPU
		{0E44A9C7-8808-765E-C891-8CCF93E98D3A}.Release|Any CPU.ActiveCfg = Release|Any CPU
		{0E44A9C7-8808-765E-C891-8CCF93E98D3A}.Release|Any CPU.Build.0 = Release|Any CPU
	EndGlobalSection
	GlobalSection(SolutionProperties) = preSolution
		HideSolutionNode = FALSE
	EndGlobalSection
	GlobalSection(ExtensibilityGlobals) = postSolution
		SolutionGuid = {E3D61397-BEE1-4B66-A3FF-9A9A1F49EC4E}
	EndGlobalSection
EndGlobal
